github.com/go-json-experiment/json v0.0.0-20240815175050-ebd3a8989ca1 h1:xcuWappghOVI8iNWoF2OKahVejd1LSVi/v4JED44Amo=
github.com/go-json-experiment/json v0.0.0-20240815175050-ebd3a8989ca1/go.mod h1:BWmvoE1Xia34f3l/ibJweyhrT+aROb/FQ6d+37F0e2s=
github.com/go-text/typesetting v0.2.1 h1:x0jMOGyO3d1qFAPI0j4GSsh7M0Q3Ypjzr4+CEVg82V8=
github.com/go-text/typesetting v0.2.1/go.mod h1:mTOxEwasOFpAMBjEQDhdWRckoLLeI/+qrQeBCTGEt6M=
github.com/go-text/typesetting-utils v0.0.0-20241103174707-87a29e9e6066 h1:qCuYC+94v2xrb1PoS4NIDe7DGYtLnU2wWiQe9a1B1c0=
github.com/go-text/typesetting-utils v0.0.0-20241103174707-87a29e9e6066/go.mod h1:DDxDdQEnB70R8owOx3LVpEFvpMK9eeH1o2r0yZhFI9o=
github.com/google/go-cmp v0.7.0 h1:wk8382ETsv4JYUZwIsn6YpYiWiBsYLSJiTsyBybVuN8=
github.com/google/go-cmp v0.7.0/go.mod h1:pXiqmnSA92OHEEa9HXL2W4E7lf9JzCmGVUdgjX3N/iU=
golang.org/x/exp v0.0.0-20240613232115-7f521ea00fb8 h1:yixxcjnhBmY0nkL253HFVIm0JsFHwrHdT3Yh6szTnfY=
golang.org/x/exp v0.0.0-20240613232115-7f521ea00fb8/go.mod h1:jj3sYF3dwk5D+ghuXyeI3r5MFf+NT2An6/9dOA95KSI=
golang.org/x/image v0.30.0 h1:jD5RhkmVAnjqaCUXfbGBrn3lpxbknfN9w2UhHHU+5B4=
golang.org/x/image v0.30.0/go.mod h1:SAEUTxCCMWSrJcCy/4HwavEsfZZJlYxeHLc6tTiAe/c=
golang.org/x/mod v0.27.0 h1:kb+q2PyFnEADO2IEF935ehFUXlWiNjJWtRNgBLSfbxQ=
golang.org/x/mod v0.27.0/go.mod h1:rWI627Fq0DEoudcK+MBkNkCe0EetEaDSwJJkCcjpazc=
golang.org/x/sync v0.16.0 h1:ycBJEhp9p4vXvUZNszeOq0kGTPghopOL8q0fq3vstxw=
golang.org/x/sync v0.16.0/go.mod h1:1dzgHSNfp02xaA81J2MS99Qcpr2w7fw1gpm99rleRqA=
golang.org/x/sys v0.35.0 h1:vz1N37gP5bs89s7He8XuIYXpyY0+QlsKmzipCbUtyxI=
golang.org/x/sys v0.35.0/go.mod h1:BJP2sWEmIv4KK5OTEluFJCKSidICx8ciO85XgH3Ak8k=
golang.org/x/text v0.28.0 h1:rhazDwis8INMIwQ4tpjLDzUhx6RlXqZNPEM0huQojng=
golang.org/x/text v0.28.0/go.mod h1:U8nCwOR8jO/marOQ0QbDiOngZVEBB7MAiitBuMjXiNU=
golang.org/x/tools v0.36.0 h1:kWS0uv/zsvHEle1LbV5LE8QujrxB3wfQyxHfhOk0Qkg=
golang.org/x/tools v0.36.0/go.mod h1:WBDiHKJK8YgLHlcQPYQzNCkUxUypCaa5ZegCVutKm+s=
honnef.co/go/avo v0.0.0-20260314015840-88ad9c81f33f h1:wLlui2z4Obo5tqcxArpzjcRH88l3d1Vn1pVn/k5Av5k=
honnef.co/go/avo v0.0.0-20260314015840-88ad9c81f33f/go.mod h1:ckObdp3zLbt75wbutGAydUMt9HU734MPq7uFIq4qbtA=
honnef.co/go/color v0.0.0-20250521155844-50a57575c7d3 h1:nUNF+kiRJ7k9nMrSahhpILlBqljF7uahZTgSnLPzKkc=
honnef.co/go/color v0.0.0-20250521155844-50a57575c7d3/go.mod h1:oOmaoGfEfvILH1ofpWB1DIuSDjyrkPJrKFIDVIuENfk=
honnef.co/go/curve v0.0.0-20250325031802-e021cd9ef495 h1:mv/yPaMMi4CWpWh+V8Qj0Pg1WO4/a+FuEo5/C7ciBZU=
honnef.co/go/curve v0.0.0-20250325031802-e021cd9ef495/go.mod h1:qoI+1aKyxvS7Ni/ZX2NKQe2S6PfL08gR3hTHK3/E+io=
honnef.co/go/jello v0.0.0-20250521161253-6b746b01ce5a h1:SdhriEBTebDFUBoEncl3VClmoEpQScVWgXPd8lfr37A=
honnef.co/go/jello v0.0.0-20250521161253-6b746b01ce5a/go.mod h1:kxj80J9QERcJRB+U4SdxNzMekK7WsK+2NuqHVGwtUjg=
honnef.co/go/libwayland v0.0.0-20250604131836-2b956ec1bdb1 h1:ckGf9yz5u1gwH3ZqlmQMOXUX2G8GGzW4TatloMjKn28=
honnef.co/go/libwayland v0.0.0-20250604131836-2b956ec1bdb1/go.mod h1:c5RTW6EvHWvEOchxyz4999S79O3vukA53bDmH2iXXZs=
honnef.co/go/safeish v0.0.0-20241114181457-67c0a2c357ad h1:6/Sl5Rx44C28ylGrKNEejIzrS2MbtLCdPsp47T6J3kg=
honnef.co/go/safeish v0.0.0-20241114181457-67c0a2c357ad/go.mod h1:6TmSwH8eepkcwN0dPPAkTpxwjEJzgJq5Bv2HD3HHAP8=
honnef.co/go/stuff v0.0.0-20250719175023-de3141074b7c h1:fq9f47dmXuHMqrRGg+vfCpKdfhviNa9knHG9koemi2U=
honnef.co/go/stuff v0.0.0-20250719175023-de3141074b7c/go.mod h1:0LNQVKUM1R44oMXeT3qzL+tDpPrrmGy4IRXOH5uQn9U=
